
Microsoft Visual Studio Solution File, Format Version 12.00
# Visual Studio 15
VisualStudioVersion = 15.0.27004.2006
MinimumVisualStudioVersion = 10.0.40219.1
Project("{8BC9CEB8-8B4A-11D0-8D11-00A0C91BC942}") = "wxgui", "wxgui\wxgui.vcxproj", "{C73D366C-824B-483C-94E9-1CD584C2396F}"
	ProjectSection(ProjectDependencies) = postProject
		{601C4F2C-3F3B-4B28-AE2C-920908B65E3A} = {601C4F2C-3F3B-4B28-AE2C-920908B65E3A}
		{ACBD919A-5791-4AC1-AFD5-BF7E45BB705B} = {ACBD919A-5791-4AC1-AFD5-BF7E45BB705B}
		{ED9138E8-6F7B-4387-B49B-BBDCC8ACEDD0} = {ED9138E8-6F7B-4387-B49B-BBDCC8ACEDD0}
	EndProjectSection
EndProject
Project("{8BC9CEB8-8B4A-11D0-8D11-00A0C91BC942}") = "zenwinx", "dll\zenwinx\zenwinx.vcxproj", "{601C4F2C-3F3B-4B28-AE2C-920908B65E3A}"
EndProject
Project("{8BC9CEB8-8B4A-11D0-8D11-00A0C91BC942}") = "udefrag", "dll\udefrag\udefrag.vcxproj", "{ED9138E8-6F7B-4387-B49B-BBDCC8ACEDD0}"
EndProject
Project("{8BC9CEB8-8B4A-11D0-8D11-00A0C91BC942}") = "lua5.1a", "lua5.1\lua5.1.vcxproj", "{ACBD919A-5791-4AC1-AFD5-BF7E45BB705B}"
EndProject
Project("{8BC9CEB8-8B4A-11D0-8D11-00A0C91BC942}") = "stopgap", "stopgap\stopgap.vcxproj", "{F8B3905F-AA13-48E4-8DFC-854F0F21013B}"
EndProject
Global
	GlobalSection(SolutionConfigurationPlatforms) = preSolution
		Debug|Win32 = Debug|Win32
		Debug|x64 = Debug|x64
		Release|Win32 = Release|Win32
		Release|x64 = Release|x64
	EndGlobalSection
	GlobalSection(ProjectConfigurationPlatforms) = postSolution
		{C73D366C-824B-483C-94E9-1CD584C2396F}.Debug|Win32.ActiveCfg = Debug|Win32
		{C73D366C-824B-483C-94E9-1CD584C2396F}.Debug|Win32.Build.0 = Debug|Win32
		{C73D366C-824B-483C-94E9-1CD584C2396F}.Debug|x64.ActiveCfg = Debug|x64
		{C73D366C-824B-483C-94E9-1CD584C2396F}.Debug|x64.Build.0 = Debug|x64
		{C73D366C-824B-483C-94E9-1CD584C2396F}.Release|Win32.ActiveCfg = Release|Win32
		{C73D366C-824B-483C-94E9-1CD584C2396F}.Release|Win32.Build.0 = Release|Win32
		{C73D366C-824B-483C-94E9-1CD584C2396F}.Release|x64.ActiveCfg = Release|x64
		{C73D366C-824B-483C-94E9-1CD584C2396F}.Release|x64.Build.0 = Release|x64
		{601C4F2C-3F3B-4B28-AE2C-920908B65E3A}.Debug|Win32.ActiveCfg = Debug|Win32
		{601C4F2C-3F3B-4B28-AE2C-920908B65E3A}.Debug|Win32.Build.0 = Debug|Win32
		{601C4F2C-3F3B-4B28-AE2C-920908B65E3A}.Debug|x64.ActiveCfg = Debug|x64
		{601C4F2C-3F3B-4B28-AE2C-920908B65E3A}.Debug|x64.Build.0 = Debug|x64
		{601C4F2C-3F3B-4B28-AE2C-920908B65E3A}.Release|Win32.ActiveCfg = Release|Win32
		{601C4F2C-3F3B-4B28-AE2C-920908B65E3A}.Release|Win32.Build.0 = Release|Win32
		{601C4F2C-3F3B-4B28-AE2C-920908B65E3A}.Release|x64.ActiveCfg = Release|x64
		{601C4F2C-3F3B-4B28-AE2C-920908B65E3A}.Release|x64.Build.0 = Release|x64
		{ED9138E8-6F7B-4387-B49B-BBDCC8ACEDD0}.Debug|Win32.ActiveCfg = Debug|Win32
		{ED9138E8-6F7B-4387-B49B-BBDCC8ACEDD0}.Debug|Win32.Build.0 = Debug|Win32
		{ED9138E8-6F7B-4387-B49B-BBDCC8ACEDD0}.Debug|x64.ActiveCfg = Debug|x64
		{ED9138E8-6F7B-4387-B49B-BBDCC8ACEDD0}.Debug|x64.Build.0 = Debug|x64
		{ED9138E8-6F7B-4387-B49B-BBDCC8ACEDD0}.Release|Win32.ActiveCfg = Release|Win32
		{ED9138E8-6F7B-4387-B49B-BBDCC8ACEDD0}.Release|Win32.Build.0 = Release|Win32
		{ED9138E8-6F7B-4387-B49B-BBDCC8ACEDD0}.Release|x64.ActiveCfg = Release|x64
		{ED9138E8-6F7B-4387-B49B-BBDCC8ACEDD0}.Release|x64.Build.0 = Release|x64
		{ACBD919A-5791-4AC1-AFD5-BF7E45BB705B}.Debug|Win32.ActiveCfg = Debug|Win32
		{ACBD919A-5791-4AC1-AFD5-BF7E45BB705B}.Debug|Win32.Build.0 = Debug|Win32
		{ACBD919A-5791-4AC1-AFD5-BF7E45BB705B}.Debug|x64.ActiveCfg = Debug|x64
		{ACBD919A-5791-4AC1-AFD5-BF7E45BB705B}.Debug|x64.Build.0 = Debug|x64
		{ACBD919A-5791-4AC1-AFD5-BF7E45BB705B}.Release|Win32.ActiveCfg = Release|Win32
		{ACBD919A-5791-4AC1-AFD5-BF7E45BB705B}.Release|Win32.Build.0 = Release|Win32
		{ACBD919A-5791-4AC1-AFD5-BF7E45BB705B}.Release|x64.ActiveCfg = Release|x64
		{ACBD919A-5791-4AC1-AFD5-BF7E45BB705B}.Release|x64.Build.0 = Release|x64
		{F8B3905F-AA13-48E4-8DFC-854F0F21013B}.Debug|Win32.ActiveCfg = Debug|Win32
		{F8B3905F-AA13-48E4-8DFC-854F0F21013B}.Debug|Win32.Build.0 = Debug|Win32
		{F8B3905F-AA13-48E4-8DFC-854F0F21013B}.Debug|x64.ActiveCfg = Debug|x64
		{F8B3905F-AA13-48E4-8DFC-854F0F21013B}.Debug|x64.Build.0 = Debug|x64
		{F8B3905F-AA13-48E4-8DFC-854F0F21013B}.Release|Win32.ActiveCfg = Release|Win32
		{F8B3905F-AA13-48E4-8DFC-854F0F21013B}.Release|Win32.Build.0 = Release|Win32
		{F8B3905F-AA13-48E4-8DFC-854F0F21013B}.Release|x64.ActiveCfg = Release|x64
		{F8B3905F-AA13-48E4-8DFC-854F0F21013B}.Release|x64.Build.0 = Release|x64
	EndGlobalSection
	GlobalSection(SolutionProperties) = preSolution
		HideSolutionNode = FALSE
	EndGlobalSection
	GlobalSection(ExtensibilityGlobals) = postSolution
		SolutionGuid = {31679F68-DBCA-48A5-BF95-A4C45FA63805}
	EndGlobalSection
EndGlobal
